// !$*UTF8*$!
{
	archiveVersion = 1;
	classes = {
	};
	objectVersion = 48;
	objects = {

/* Begin PBXBuildFile section */
		8AC11B14D106C5834A81A727 /* Pods_flixsterUITests.framework in Frameworks */ = {isa = PBXBuildFile; fileRef = 69A24D22F46B36292B794C02 /* Pods_flixsterUITests.framework */; };
		B51BD111221498D200FAB8EC /* MovieDetailsViewController.swift in Sources */ = {isa = PBXBuildFile; fileRef = B51BD110221498D200FAB8EC /* MovieDetailsViewController.swift */; };
		B51BD1132214B92900FAB8EC /* MovieGridViewController.swift in Sources */ = {isa = PBXBuildFile; fileRef = B51BD1122214B92900FAB8EC /* MovieGridViewController.swift */; };
		B5202D4F2211FC6400D6C487 /* MovieCell.swift in Sources */ = {isa = PBXBuildFile; fileRef = B5202D4E2211FC6400D6C487 /* MovieCell.swift */; };
		B5EB9B51220B5D36009B2BA4 /* AppDelegate.swift in Sources */ = {isa = PBXBuildFile; fileRef = B5EB9B50220B5D35009B2BA4 /* AppDelegate.swift */; };
		B5EB9B56220B5D36009B2BA4 /* Main.storyboard in Resources */ = {isa = PBXBuildFile; fileRef = B5EB9B54220B5D36009B2BA4 /* Main.storyboard */; };
		B5EB9B58220B5D36009B2BA4 /* Assets.xcassets in Resources */ = {isa = PBXBuildFile; fileRef = B5EB9B57220B5D36009B2BA4 /* Assets.xcassets */; };
		B5EB9B5B220B5D36009B2BA4 /* LaunchScreen.storyboard in Resources */ = {isa = PBXBuildFile; fileRef = B5EB9B59220B5D36009B2BA4 /* LaunchScreen.storyboard */; };
		B5EB9B66220B5D36009B2BA4 /* flixsterTests.swift in Sources */ = {isa = PBXBuildFile; fileRef = B5EB9B65220B5D36009B2BA4 /* flixsterTests.swift */; };
		B5EB9B71220B5D36009B2BA4 /* flixsterUITests.swift in Sources */ = {isa = PBXBuildFile; fileRef = B5EB9B70220B5D36009B2BA4 /* flixsterUITests.swift */; };
		B5EB9B7F220B6679009B2BA4 /* MovieViewController.swift in Sources */ = {isa = PBXBuildFile; fileRef = B5EB9B7E220B6679009B2BA4 /* MovieViewController.swift */; };
		B9D351445D4FC2FAE4887CFD /* Pods_flixsterTests.framework in Frameworks */ = {isa = PBXBuildFile; fileRef = B31987756D3329366EED98FF /* Pods_flixsterTests.framework */; };
		CA9B699D9134629C0D8BCC2D /* Pods_flixster.framework in Frameworks */ = {isa = PBXBuildFile; fileRef = 91ACCFF71988B920125A742F /* Pods_flixster.framework */; };
/* End PBXBuildFile section */

/* Begin PBXContainerItemProxy section */
		B5EB9B62220B5D36009B2BA4 /* PBXContainerItemProxy */ = {
			isa = PBXContainerItemProxy;
			containerPortal = B5EB9B45220B5D35009B2BA4 /* Project object */;
			proxyType = 1;
			remoteGlobalIDString = B5EB9B4C220B5D35009B2BA4;
			remoteInfo = flixster;
		};
		B5EB9B6D220B5D36009B2BA4 /* PBXContainerItemProxy */ = {
			isa = PBXContainerItemProxy;
			containerPortal = B5EB9B45220B5D35009B2BA4 /* Project object */;
			proxyType = 1;
			remoteGlobalIDString = B5EB9B4C220B5D35009B2BA4;
			remoteInfo = flixster;
		};
/* End PBXContainerItemProxy section */

/* Begin PBXFileReference section */
		1983D069A9D49B6E5EB53B19 /* Pods-flixsterTests.debug.xcconfig */ = {isa = PBXFileReference; includeInIndex = 1; lastKnownFileType = text.xcconfig; name = "Pods-flixsterTests.debug.xcconfig"; path = "Target Support Files/Pods-flixsterTests/Pods-flixsterTests.debug.xcconfig"; sourceTree = "<group>"; };
		1D1C5A3A70F1F4094FA81F53 /* Pods-flixsterUITests.release.xcconfig */ = {isa = PBXFileReference; includeInIndex = 1; lastKnownFileType = text.xcconfig; name = "Pods-flixsterUITests.release.xcconfig"; path = "Target Support Files/Pods-flixsterUITests/Pods-flixsterUITests.release.xcconfig"; sourceTree = "<group>"; };
		55D4DA898F8575C8EABB98F1 /* Pods-flixster.release.xcconfig */ = {isa = PBXFileReference; includeInIndex = 1; lastKnownFileType = text.xcconfig; name = "Pods-flixster.release.xcconfig"; path = "Target Support Files/Pods-flixster/Pods-flixster.release.xcconfig"; sourceTree = "<group>"; };
		672BDAB0B806AC4DDBB62DBB /* Pods-flixsterUITests.debug.xcconfig */ = {isa = PBXFileReference; includeInIndex = 1; lastKnownFileType = text.xcconfig; name = "Pods-flixsterUITests.debug.xcconfig"; path = "Target Support Files/Pods-flixsterUITests/Pods-flixsterUITests.debug.xcconfig"; sourceTree = "<group>"; };
		69A24D22F46B36292B794C02 /* Pods_flixsterUITests.framework */ = {isa = PBXFileReference; explicitFileType = wrapper.framework; includeInIndex = 0; path = Pods_flixsterUITests.framework; sourceTree = BUILT_PRODUCTS_DIR; };
		78F5343C5B15F2C675ED6DBB /* Pods-flixsterTests.release.xcconfig */ = {isa = PBXFileReference; includeInIndex = 1; lastKnownFileType = text.xcconfig; name = "Pods-flixsterTests.release.xcconfig"; path = "Target Support Files/Pods-flixsterTests/Pods-flixsterTests.release.xcconfig"; sourceTree = "<group>"; };
		91ACCFF71988B920125A742F /* Pods_flixster.framework */ = {isa = PBXFileReference; explicitFileType = wrapper.framework; includeInIndex = 0; path = Pods_flixster.framework; sourceTree = BUILT_PRODUCTS_DIR; };
		9B793954CAA6AE15D0FFD225 /* Pods-flixster.debug.xcconfig */ = {isa = PBXFileReference; includeInIndex = 1; lastKnownFileType = text.xcconfig; name = "Pods-flixster.debug.xcconfig"; path = "Target Support Files/Pods-flixster/Pods-flixster.debug.xcconfig"; sourceTree = "<group>"; };
		B31987756D3329366EED98FF /* Pods_flixsterTests.framework */ = {isa = PBXFileReference; explicitFileType = wrapper.framework; includeInIndex = 0; path = Pods_flixsterTests.framework; sourceTree = BUILT_PRODUCTS_DIR; };
		B51BD110221498D200FAB8EC /* MovieDetailsViewController.swift */ = {isa = PBXFileReference; lastKnownFileType = sourcecode.swift; path = MovieDetailsViewController.swift; sourceTree = "<group>"; };
		B51BD1122214B92900FAB8EC /* MovieGridViewController.swift */ = {isa = PBXFileReference; lastKnownFileType = sourcecode.swift; path = MovieGridViewController.swift; sourceTree = "<group>"; };
		B5202D4E2211FC6400D6C487 /* MovieCell.swift */ = {isa = PBXFileReference; lastKnownFileType = sourcecode.swift; path = MovieCell.swift; sourceTree = "<group>"; };
		B5EB9B4D220B5D35009B2BA4 /* flixster.app */ = {isa = PBXFileReference; explicitFileType = wrapper.application; includeInIndex = 0; path = flixster.app; sourceTree = BUILT_PRODUCTS_DIR; };
		B5EB9B50220B5D35009B2BA4 /* AppDelegate.swift */ = {isa = PBXFileReference; lastKnownFileType = sourcecode.swift; path = AppDelegate.swift; sourceTree = "<group>"; };
		B5EB9B55220B5D36009B2BA4 /* Base */ = {isa = PBXFileReference; lastKnownFileType = file.storyboard; name = Base; path = Base.lproj/Main.storyboard; sourceTree = "<group>"; };
		B5EB9B57220B5D36009B2BA4 /* Assets.xcassets */ = {isa = PBXFileReference; lastKnownFileType = folder.assetcatalog; path = Assets.xcassets; sourceTree = "<group>"; };
		B5EB9B5A220B5D36009B2BA4 /* Base */ = {isa = PBXFileReference; lastKnownFileType = file.storyboard; name = Base; path = Base.lproj/LaunchScreen.storyboard; sourceTree = "<group>"; };
		B5EB9B5C220B5D36009B2BA4 /* Info.plist */ = {isa = PBXFileReference; lastKnownFileType = text.plist.xml; path = Info.plist; sourceTree = "<group>"; };
		B5EB9B61220B5D36009B2BA4 /* flixsterTests.xctest */ = {isa = PBXFileReference; explicitFileType = wrapper.cfbundle; includeInIndex = 0; path = flixsterTests.xctest; sourceTree = BUILT_PRODUCTS_DIR; };
		B5EB9B65220B5D36009B2BA4 /* flixsterTests.swift */ = {isa = PBXFileReference; lastKnownFileType = sourcecode.swift; path = flixsterTests.swift; sourceTree = "<group>"; };
		B5EB9B67220B5D36009B2BA4 /* Info.plist */ = {isa = PBXFileReference; lastKnownFileType = text.plist.xml; path = Info.plist; sourceTree = "<group>"; };
		B5EB9B6C220B5D36009B2BA4 /* flixsterUITests.xctest */ = {isa = PBXFileReference; explicitFileType = wrapper.cfbundle; includeInIndex = 0; path = flixsterUITests.xctest; sourceTree = BUILT_PRODUCTS_DIR; };
		B5EB9B70220B5D36009B2BA4 /* flixsterUITests.swift */ = {isa = PBXFileReference; lastKnownFileType = sourcecode.swift; path = flixsterUITests.swift; sourceTree = "<group>"; };
		B5EB9B72220B5D36009B2BA4 /* Info.plist */ = {isa = PBXFileReference; lastKnownFileType = text.plist.xml; path = Info.plist; sourceTree = "<group>"; };
		B5EB9B7E220B6679009B2BA4 /* MovieViewController.swift */ = {isa = PBXFileReference; lastKnownFileType = sourcecode.swift; path = MovieViewController.swift; sourceTree = "<group>"; };
/* End PBXFileReference section */

/* Begin PBXFrameworksBuildPhase section */
		B5EB9B4A220B5D35009B2BA4 /* Frameworks */ = {
			isa = PBXFrameworksBuildPhase;
			buildActionMask = 2147483647;
			files = (
				CA9B699D9134629C0D8BCC2D /* Pods_flixster.framework in Frameworks */,
			);
			runOnlyForDeploymentPostprocessing = 0;
		};
		B5EB9B5E220B5D36009B2BA4 /* Frameworks */ = {
			isa = PBXFrameworksBuildPhase;
			buildActionMask = 2147483647;
			files = (
				B9D351445D4FC2FAE4887CFD /* Pods_flixsterTests.framework in Frameworks */,
			);
			runOnlyForDeploymentPostprocessing = 0;
		};
		B5EB9B69220B5D36009B2BA4 /* Frameworks */ = {
			isa = PBXFrameworksBuildPhase;
			buildActionMask = 2147483647;
			files = (
				8AC11B14D106C5834A81A727 /* Pods_flixsterUITests.framework in Frameworks */,
			);
			runOnlyForDeploymentPostprocessing = 0;
		};
/* End PBXFrameworksBuildPhase section */

/* Begin PBXGroup section */
		8BA63EA9021A3E9C1E3685A1 /* Frameworks */ = {
			isa = PBXGroup;
			children = (
				91ACCFF71988B920125A742F /* Pods_flixster.framework */,
				B31987756D3329366EED98FF /* Pods_flixsterTests.framework */,
				69A24D22F46B36292B794C02 /* Pods_flixsterUITests.framework */,
			);
			name = Frameworks;
			sourceTree = "<group>";
		};
		B5EB9B44220B5D35009B2BA4 = {
			isa = PBXGroup;
			children = (
				B5EB9B4F220B5D35009B2BA4 /* flixster */,
				B5EB9B64220B5D36009B2BA4 /* flixsterTests */,
				B5EB9B6F220B5D36009B2BA4 /* flixsterUITests */,
				B5EB9B4E220B5D35009B2BA4 /* Products */,
				BEE39A2719BFF6ABBD063958 /* Pods */,
				8BA63EA9021A3E9C1E3685A1 /* Frameworks */,
			);
			sourceTree = "<group>";
		};
		B5EB9B4E220B5D35009B2BA4 /* Products */ = {
			isa = PBXGroup;
			children = (
				B5EB9B4D220B5D35009B2BA4 /* flixster.app */,
				B5EB9B61220B5D36009B2BA4 /* flixsterTests.xctest */,
				B5EB9B6C220B5D36009B2BA4 /* flixsterUITests.xctest */,
			);
			name = Products;
			sourceTree = "<group>";
		};
		B5EB9B4F220B5D35009B2BA4 /* flixster */ = {
			isa = PBXGroup;
			children = (
				B5EB9B50220B5D35009B2BA4 /* AppDelegate.swift */,
				B5EB9B54220B5D36009B2BA4 /* Main.storyboard */,
				B5202D4E2211FC6400D6C487 /* MovieCell.swift */,
				B5EB9B57220B5D36009B2BA4 /* Assets.xcassets */,
				B5EB9B59220B5D36009B2BA4 /* LaunchScreen.storyboard */,
				B5EB9B5C220B5D36009B2BA4 /* Info.plist */,
				B5EB9B7E220B6679009B2BA4 /* MovieViewController.swift */,
				B51BD110221498D200FAB8EC /* MovieDetailsViewController.swift */,
				B51BD1122214B92900FAB8EC /* MovieGridViewController.swift */,
			);
			path = flixster;
			sourceTree = "<group>";
		};
		B5EB9B64220B5D36009B2BA4 /* flixsterTests */ = {
			isa = PBXGroup;
			children = (
				B5EB9B65220B5D36009B2BA4 /* flixsterTests.swift */,
				B5EB9B67220B5D36009B2BA4 /* Info.plist */,
			);
			path = flixsterTests;
			sourceTree = "<group>";
		};
		B5EB9B6F220B5D36009B2BA4 /* flixsterUITests */ = {
			isa = PBXGroup;
			children = (
				B5EB9B70220B5D36009B2BA4 /* flixsterUITests.swift */,
				B5EB9B72220B5D36009B2BA4 /* Info.plist */,
			);
			path = flixsterUITests;
			sourceTree = "<group>";
		};
		BEE39A2719BFF6ABBD063958 /* Pods */ = {
			isa = PBXGroup;
			children = (
				9B793954CAA6AE15D0FFD225 /* Pods-flixster.debug.xcconfig */,
				55D4DA898F8575C8EABB98F1 /* Pods-flixster.release.xcconfig */,
				1983D069A9D49B6E5EB53B19 /* Pods-flixsterTests.debug.xcconfig */,
				78F5343C5B15F2C675ED6DBB /* Pods-flixsterTests.release.xcconfig */,
				672BDAB0B806AC4DDBB62DBB /* Pods-flixsterUITests.debug.xcconfig */,
				1D1C5A3A70F1F4094FA81F53 /* Pods-flixsterUITests.release.xcconfig */,
			);
			path = Pods;
			sourceTree = "<group>";
		};
/* End PBXGroup section */

/* Begin PBXNativeTarget section */
		B5EB9B4C220B5D35009B2BA4 /* flixster */ = {
			isa = PBXNativeTarget;
			buildConfigurationList = B5EB9B75220B5D36009B2BA4 /* Build configuration list for PBXNativeTarget "flixster" */;
			buildPhases = (
				872940B76CE755A16ED70130 /* [CP] Check Pods Manifest.lock */,
				B5EB9B49220B5D35009B2BA4 /* Sources */,
				B5EB9B4A220B5D35009B2BA4 /* Frameworks */,
				B5EB9B4B220B5D35009B2BA4 /* Resources */,
				E34FB835628AEFC1C80F6AFC /* [CP] Embed Pods Frameworks */,
			);
			buildRules = (
			);
			dependencies = (
			);
			name = flixster;
			productName = flixster;
			productReference = B5EB9B4D220B5D35009B2BA4 /* flixster.app */;
			productType = "com.apple.product-type.application";
		};
		B5EB9B60220B5D36009B2BA4 /* flixsterTests */ = {
			isa = PBXNativeTarget;
			buildConfigurationList = B5EB9B78220B5D36009B2BA4 /* Build configuration list for PBXNativeTarget "flixsterTests" */;
			buildPhases = (
				54A435A8F18AC09608E4279D /* [CP] Check Pods Manifest.lock */,
				B5EB9B5D220B5D36009B2BA4 /* Sources */,
				B5EB9B5E220B5D36009B2BA4 /* Frameworks */,
				B5EB9B5F220B5D36009B2BA4 /* Resources */,
			);
			buildRules = (
			);
			dependencies = (
				B5EB9B63220B5D36009B2BA4 /* PBXTargetDependency */,
			);
			name = flixsterTests;
			productName = flixsterTests;
			productReference = B5EB9B61220B5D36009B2BA4 /* flixsterTests.xctest */;
			productType = "com.apple.product-type.bundle.unit-test";
		};
		B5EB9B6B220B5D36009B2BA4 /* flixsterUITests */ = {
			isa = PBXNativeTarget;
			buildConfigurationList = B5EB9B7B220B5D36009B2BA4 /* Build configuration list for PBXNativeTarget "flixsterUITests" */;
			buildPhases = (
				9725E32FB77C673F15F75DB5 /* [CP] Check Pods Manifest.lock */,
				B5EB9B68220B5D36009B2BA4 /* Sources */,
				B5EB9B69220B5D36009B2BA4 /* Frameworks */,
				B5EB9B6A220B5D36009B2BA4 /* Resources */,
			);
			buildRules = (
			);
			dependencies = (
				B5EB9B6E220B5D36009B2BA4 /* PBXTargetDependency */,
			);
			name = flixsterUITests;
			productName = flixsterUITests;
			productReference = B5EB9B6C220B5D36009B2BA4 /* flixsterUITests.xctest */;
			productType = "com.apple.product-type.bundle.ui-testing";
		};
/* End PBXNativeTarget section */

/* Begin PBXProject section */
		B5EB9B45220B5D35009B2BA4 /* Project object */ = {
			isa = PBXProject;
			attributes = {
				LastSwiftUpdateCheck = 0900;
				LastUpgradeCheck = 0900;
				ORGANIZATIONNAME = CSUMB;
				TargetAttributes = {
					B5EB9B4C220B5D35009B2BA4 = {
						CreatedOnToolsVersion = 9.0;
						ProvisioningStyle = Automatic;
					};
					B5EB9B60220B5D36009B2BA4 = {
						CreatedOnToolsVersion = 9.0;
						ProvisioningStyle = Automatic;
						TestTargetID = B5EB9B4C220B5D35009B2BA4;
					};
					B5EB9B6B220B5D36009B2BA4 = {
						CreatedOnToolsVersion = 9.0;
						ProvisioningStyle = Automatic;
						TestTargetID = B5EB9B4C220B5D35009B2BA4;
					};
				};
			};
			buildConfigurationList = B5EB9B48220B5D35009B2BA4 /* Build configuration list for PBXProject "flixster" */;
			compatibilityVersion = "Xcode 8.0";
			developmentRegion = en;
			hasScannedForEncodings = 0;
			knownRegions = (
				en,
				Base,
			);
			mainGroup = B5EB9B44220B5D35009B2BA4;
			productRefGroup = B5EB9B4E220B5D35009B2BA4 /* Products */;
			projectDirPath = "";
			projectRoot = "";
			targets = (
				B5EB9B4C220B5D35009B2BA4 /* flixster */,
				B5EB9B60220B5D36009B2BA4 /* flixsterTests */,
				B5EB9B6B220B5D36009B2BA4 /* flixsterUITests */,
			);
		};
/* End PBXProject section */

/* Begin PBXResourcesBuildPhase section */
		B5EB9B4B220B5D35009B2BA4 /* Resources */ = {
			isa = PBXResourcesBuildPhase;
			buildActionMask = 2147483647;
			files = (
				B5EB9B5B220B5D36009B2BA4 /* LaunchScreen.storyboard in Resources */,
				B5EB9B58220B5D36009B2BA4 /* Assets.xcassets in Resources */,
				B5EB9B56220B5D36009B2BA4 /* Main.storyboard in Resources */,
			);
			runOnlyForDeploymentPostprocessing = 0;
		};
		B5EB9B5F220B5D36009B2BA4 /* Resources */ = {
			isa = PBXResourcesBuildPhase;
			buildActionMask = 2147483647;
			files = (
			);
			runOnlyForDeploymentPostprocessing = 0;
		};
		B5EB9B6A220B5D36009B2BA4 /* Resources */ = {
			isa = PBXResourcesBuildPhase;
			buildActionMask = 2147483647;
			files = (
			);
			runOnlyForDeploymentPostprocessing = 0;
		};
/* End PBXResourcesBuildPhase section */

/* Begin PBXShellScriptBuildPhase section */
		54A435A8F18AC09608E4279D /* [CP] Check Pods Manifest.lock */ = {
			isa = PBXShellScriptBuildPhase;
			buildActionMask = 2147483647;
			files = (
			);
			inputPaths = (
				"${PODS_PODFILE_DIR_PATH}/Podfile.lock",
				"${PODS_ROOT}/Manifest.lock",
			);
			name = "[CP] Check Pods Manifest.lock";
			outputPaths = (
				"$(DERIVED_FILE_DIR)/Pods-flixsterTests-checkManifestLockResult.txt",
			);
			runOnlyForDeploymentPostprocessing = 0;
			shellPath = /bin/sh;
			shellScript = "diff \"${PODS_PODFILE_DIR_PATH}/Podfile.lock\" \"${PODS_ROOT}/Manifest.lock\" > /dev/null\nif [ $? != 0 ] ; then\n    # print error to STDERR\n    echo \"error: The sandbox is not in sync with the Podfile.lock. Run 'pod install' or update your CocoaPods installation.\" >&2\n    exit 1\nfi\n# This output is used by Xcode 'outputs' to avoid re-running this script phase.\necho \"SUCCESS\" > \"${SCRIPT_OUTPUT_FILE_0}\"\n";
			showEnvVarsInLog = 0;
		};
		872940B76CE755A16ED70130 /* [CP] Check Pods Manifest.lock */ = {
			isa = PBXShellScriptBuildPhase;
			buildActionMask = 2147483647;
			files = (
			);
			inputPaths = (
				"${PODS_PODFILE_DIR_PATH}/Podfile.lock",
				"${PODS_ROOT}/Manifest.lock",
			);
			name = "[CP] Check Pods Manifest.lock";
			outputPaths = (
				"$(DERIVED_FILE_DIR)/Pods-flixster-checkManifestLockResult.txt",
			);
			runOnlyForDeploymentPostprocessing = 0;
			shellPath = /bin/sh;
			shellScript = "diff \"${PODS_PODFILE_DIR_PATH}/Podfile.lock\" \"${PODS_ROOT}/Manifest.lock\" > /dev/null\nif [ $? != 0 ] ; then\n    # print error to STDERR\n    echo \"error: The sandbox is not in sync with the Podfile.lock. Run 'pod install' or update your CocoaPods installation.\" >&2\n    exit 1\nfi\n# This output is used by Xcode 'outputs' to avoid re-running this script phase.\necho \"SUCCESS\" > \"${SCRIPT_OUTPUT_FILE_0}\"\n";
			showEnvVarsInLog = 0;
		};
		9725E32FB77C673F15F75DB5 /* [CP] Check Pods Manifest.lock */ = {
			isa = PBXShellScriptBuildPhase;
			buildActionMask = 2147483647;
			files = (
			);
			inputPaths = (
				"${PODS_PODFILE_DIR_PATH}/Podfile.lock",
				"${PODS_ROOT}/Manifest.lock",
			);
			name = "[CP] Check Pods Manifest.lock";
			outputPaths = (
				"$(DERIVED_FILE_DIR)/Pods-flixsterUITests-checkManifestLockResult.txt",
			);
			runOnlyForDeploymentPostprocessing = 0;
			shellPath = /bin/sh;
			shellScript = "diff \"${PODS_PODFILE_DIR_PATH}/Podfile.lock\" \"${PODS_ROOT}/Manifest.lock\" > /dev/null\nif [ $? != 0 ] ; then\n    # print error to STDERR\n    echo \"error: The sandbox is not in sync with the Podfile.lock. Run 'pod install' or update your CocoaPods installation.\" >&2\n    exit 1\nfi\n# This output is used by Xcode 'outputs' to avoid re-running this script phase.\necho \"SUCCESS\" > \"${SCRIPT_OUTPUT_FILE_0}\"\n";
			showEnvVarsInLog = 0;
		};
		E34FB835628AEFC1C80F6AFC /* [CP] Embed Pods Frameworks */ = {
			isa = PBXShellScriptBuildPhase;
			buildActionMask = 2147483647;
			files = (
			);
			inputPaths = (
				"${PODS_ROOT}/Target Support Files/Pods-flixster/Pods-flixster-frameworks.sh",
				"${BUILT_PRODUCTS_DIR}/Alamofire/Alamofire.framework",
				"${BUILT_PRODUCTS_DIR}/AlamofireImage/AlamofireImage.framework",
			);
			name = "[CP] Embed Pods Frameworks";
			outputPaths = (
				"${TARGET_BUILD_DIR}/${FRAMEWORKS_FOLDER_PATH}/Alamofire.framework",
				"${TARGET_BUILD_DIR}/${FRAMEWORKS_FOLDER_PATH}/AlamofireImage.framework",
			);
			runOnlyForDeploymentPostprocessing = 0;
			shellPath = /bin/sh;
			shellScript = "\"${PODS_ROOT}/Target Support Files/Pods-flixster/Pods-flixster-frameworks.sh\"\n";
			showEnvVarsInLog = 0;
		};
/* End PBXShellScriptBuildPhase section */

/* Begin PBXSourcesBuildPhase section */
		B5EB9B49220B5D35009B2BA4 /* Sources */ = {
			isa = PBXSourcesBuildPhase;
			buildActionMask = 2147483647;
			files = (
				B51BD1132214B92900FAB8EC /* MovieGridViewController.swift in Sources */,
				B51BD111221498D200FAB8EC /* MovieDetailsViewController.swift in Sources */,
				B5EB9B51220B5D36009B2BA4 /* AppDelegate.swift in Sources */,
				B5EB9B7F220B6679009B2BA4 /* MovieViewController.swift in Sources */,
				B5202D4F2211FC6400D6C487 /* MovieCell.swift in Sources */,
			);
			runOnlyForDeploymentPostprocessing = 0;
		};
		B5EB9B5D220B5D36009B2BA4 /* Sources */ = {
			isa = PBXSourcesBuildPhase;
			buildActionMask = 2147483647;
			files = (
				B5EB9B66220B5D36009B2BA4 /* flixsterTests.swift in Sources */,
			);
			runOnlyForDeploymentPostprocessing = 0;
		};
		B5EB9B68220B5D36009B2BA4 /* Sources */ = {
			isa = PBXSourcesBuildPhase;
			buildActionMask = 2147483647;
			files = (
				B5EB9B71220B5D36009B2BA4 /* flixsterUITests.swift in Sources */,
			);
			runOnlyForDeploymentPostprocessing = 0;
		};
/* End PBXSourcesBuildPhase section */

/* Begin PBXTargetDependency section */
		B5EB9B63220B5D36009B2BA4 /* PBXTargetDependency */ = {
			isa = PBXTargetDependency;
			target = B5EB9B4C220B5D35009B2BA4 /* flixster */;
			targetProxy = B5EB9B62220B5D36009B2BA4 /* PBXContainerItemProxy */;
		};
		B5EB9B6E220B5D36009B2BA4 /* PBXTargetDependency */ = {
			isa = PBXTargetDependency;
			target = B5EB9B4C220B5D35009B2BA4 /* flixster */;
			targetProxy = B5EB9B6D220B5D36009B2BA4 /* PBXContainerItemProxy */;
		};
/* End PBXTargetDependency section */

/* Begin PBXVariantGroup section */
		B5EB9B54220B5D36009B2BA4 /* Main.storyboard */ = {
			isa = PBXVariantGroup;
			children = (
				B5EB9B55220B5D36009B2BA4 /* Base */,
			);
			name = Main.storyboard;
			sourceTree = "<group>";
		};
		B5EB9B59220B5D36009B2BA4 /* LaunchScreen.storyboard */ = {
			isa = PBXVariantGroup;
			children = (
				B5EB9B5A220B5D36009B2BA4 /* Base */,
			);
			name = LaunchScreen.storyboard;
			sourceTree = "<group>";
		};
/* End PBXVariantGroup section */

/* Begin XCBuildConfiguration section */
		B5EB9B73220B5D36009B2BA4 /* Debug */ = {
			isa = XCBuildConfiguration;
			buildSettings = {
				ALWAYS_SEARCH_USER_PATHS = NO;
				CLANG_ANALYZER_NONNULL = YES;
				CLANG_ANALYZER_NUMBER_OBJECT_CONVERSION = YES_AGGRESSIVE;
				CLANG_CXX_LANGUAGE_STANDARD = "gnu++14";
				CLANG_CXX_LIBRARY = "libc++";
				CLANG_ENABLE_MODULES = YES;
				CLANG_ENABLE_OBJC_ARC = YES;
				CLANG_WARN_BLOCK_CAPTURE_AUTORELEASING = YES;
				CLANG_WARN_BOOL_CONVERSION = YES;
				CLANG_WARN_COMMA = YES;
				CLANG_WARN_CONSTANT_CONVERSION = YES;
				CLANG_WARN_DIRECT_OBJC_ISA_USAGE = YES_ERROR;
				CLANG_WARN_DOCUMENTATION_COMMENTS = YES;
				CLANG_WARN_EMPTY_BODY = YES;
				CLANG_WARN_ENUM_CONVERSION = YES;
				CLANG_WARN_INFINITE_RECURSION = YES;
				CLANG_WARN_INT_CONVERSION = YES;
				CLANG_WARN_NON_LITERAL_NULL_CONVERSION = YES;
				CLANG_WARN_OBJC_LITERAL_CONVERSION = YES;
				CLANG_WARN_OBJC_ROOT_CLASS = YES_ERROR;
				CLANG_WARN_RANGE_LOOP_ANALYSIS = YES;
				CLANG_WARN_STRICT_PROTOTYPES = YES;
				CLANG_WARN_SUSPICIOUS_MOVE = YES;
				CLANG_WARN_UNGUARDED_AVAILABILITY = YES_AGGRESSIVE;
				CLANG_WARN_UNREACHABLE_CODE = YES;
				CLANG_WARN__DUPLICATE_METHOD_MATCH = YES;
				CODE_SIGN_IDENTITY = "iPhone Developer";
				COPY_PHASE_STRIP = NO;
				DEBUG_INFORMATION_FORMAT = dwarf;
				ENABLE_STRICT_OBJC_MSGSEND = YES;
				ENABLE_TESTABILITY = YES;
				GCC_C_LANGUAGE_STANDARD = gnu11;
				GCC_DYNAMIC_NO_PIC = NO;
				GCC_NO_COMMON_BLOCKS = YES;
				GCC_OPTIMIZATION_LEVEL = 0;
				GCC_PREPROCESSOR_DEFINITIONS = (
					"DEBUG=1",
					"$(inherited)",
				);
				GCC_WARN_64_TO_32_BIT_CONVERSION = YES;
				GCC_WARN_ABOUT_RETURN_TYPE = YES_ERROR;
				GCC_WARN_UNDECLARED_SELECTOR = YES;
				GCC_WARN_UNINITIALIZED_AUTOS = YES_AGGRESSIVE;
				GCC_WARN_UNUSED_FUNCTION = YES;
				GCC_WARN_UNUSED_VARIABLE = YES;
				IPHONEOS_DEPLOYMENT_TARGET = 11.0;
				MTL_ENABLE_DEBUG_INFO = YES;
				ONLY_ACTIVE_ARCH = YES;
				SDKROOT = iphoneos;
				SWIFT_ACTIVE_COMPILATION_CONDITIONS = DEBUG;
				SWIFT_OPTIMIZATION_LEVEL = "-Onone";
			};
			name = Debug;
		};
		B5EB9B74220B5D36009B2BA4 /* Release */ = {
			isa = XCBuildConfiguration;
			buildSettings = {
				ALWAYS_SEARCH_USER_PATHS = NO;
				CLANG_ANALYZER_NONNULL = YES;
				CLANG_ANALYZER_NUMBER_OBJECT_CONVERSION = YES_AGGRESSIVE;
				CLANG_CXX_LANGUAGE_STANDARD = "gnu++14";
				CLANG_CXX_LIBRARY = "libc++";
				CLANG_ENABLE_MODULES = YES;
				CLANG_ENABLE_OBJC_ARC = YES;
				CLANG_WARN_BLOCK_CAPTURE_AUTORELEASING = YES;
				CLANG_WARN_BOOL_CONVERSION = YES;
				CLANG_WARN_COMMA = YES;
				CLANG_WARN_CONSTANT_CONVERSION = YES;
				CLANG_WARN_DIRECT_OBJC_ISA_USAGE = YES_ERROR;
				CLANG_WARN_DOCUMENTATION_COMMENTS = YES;
				CLANG_WARN_EMPTY_BODY = YES;
				CLANG_WARN_ENUM_CONVERSION = YES;
				CLANG_WARN_INFINITE_RECURSION = YES;
				CLANG_WARN_INT_CONVERSION = YES;
				CLANG_WARN_NON_LITERAL_NULL_CONVERSION = YES;
				CLANG_WARN_OBJC_LITERAL_CONVERSION = YES;
				CLANG_WARN_OBJC_ROOT_CLASS = YES_ERROR;
				CLANG_WARN_RANGE_LOOP_ANALYSIS = YES;
				CLANG_WARN_STRICT_PROTOTYPES = YES;
				CLANG_WARN_SUSPICIOUS_MOVE = YES;
				CLANG_WARN_UNGUARDED_AVAILABILITY = YES_AGGRESSIVE;
				CLANG_WARN_UNREACHABLE_CODE = YES;
				CLANG_WARN__DUPLICATE_METHOD_MATCH = YES;
				CODE_SIGN_IDENTITY = "iPhone Developer";
				COPY_PHASE_STRIP = NO;
				DEBUG_INFORMATION_FORMAT = "dwarf-with-dsym";
				ENABLE_NS_ASSERTIONS = NO;
				ENABLE_STRICT_OBJC_MSGSEND = YES;
				GCC_C_LANGUAGE_STANDARD = gnu11;
				GCC_NO_COMMON_BLOCKS = YES;
				GCC_WARN_64_TO_32_BIT_CONVERSION = YES;
				GCC_WARN_ABOUT_RETURN_TYPE = YES_ERROR;
				GCC_WARN_UNDECLARED_SELECTOR = YES;
				GCC_WARN_UNINITIALIZED_AUTOS = YES_AGGRESSIVE;
				GCC_WARN_UNUSED_FUNCTION = YES;
				GCC_WARN_UNUSED_VARIABLE = YES;
				IPHONEOS_DEPLOYMENT_TARGET = 11.0;
				MTL_ENABLE_DEBUG_INFO = NO;
				SDKROOT = iphoneos;
				SWIFT_OPTIMIZATION_LEVEL = "-Owholemodule";
				VALIDATE_PRODUCT = YES;
			};
			name = Release;
		};
		B5EB9B76220B5D36009B2BA4 /* Debug */ = {
			isa = XCBuildConfiguration;
			baseConfigurationReference = 9B793954CAA6AE15D0FFD225 /* Pods-flixster.debug.xcconfig */;
			buildSettings = {
				ASSETCATALOG_COMPILER_APPICON_NAME = AppIcon;
				CODE_SIGN_STYLE = Automatic;
				DEVELOPMENT_TEAM = W8A2NAHJ95;
				INFOPLIST_FILE = flixster/Info.plist;
				LD_RUNPATH_SEARCH_PATHS = "$(inherited) @executable_path/Frameworks";
				PRODUCT_BUNDLE_IDENTIFIER = com.codepath.flixster;
				PRODUCT_NAME = "$(TARGET_NAME)";
				SWIFT_VERSION = 4.0;
				TARGETED_DEVICE_FAMILY = "1,2";
			};
			name = Debug;
		};
		B5EB9B77220B5D36009B2BA4 /* Release */ = {
			isa = XCBuildConfiguration;
			baseConfigurationReference = 55D4DA898F8575C8EABB98F1 /* Pods-flixster.release.xcconfig */;
			buildSettings = {
				ASSETCATALOG_COMPILER_APPICON_NAME = AppIcon;
				CODE_SIGN_STYLE = Automatic;
				DEVELOPMENT_TEAM = W8A2NAHJ95;
				INFOPLIST_FILE = flixster/Info.plist;
				LD_RUNPATH_SEARCH_PATHS = "$(inherited) @executable_path/Frameworks";
				PRODUCT_BUNDLE_IDENTIFIER = com.codepath.flixster;
				PRODUCT_NAME = "$(TARGET_NAME)";
				SWIFT_VERSION = 4.0;
				TARGETED_DEVICE_FAMILY = "1,2";
			};
			name = Release;
		};
		B5EB9B79220B5D36009B2BA4 /* Debug */ = {
			isa = XCBuildConfiguration;
			baseConfigurationReference = 1983D069A9D49B6E5EB53B19 /* Pods-flixsterTests.debug.xcconfig */;
			buildSettings = {
				ALWAYS_EMBED_SWIFT_STANDARD_LIBRARIES = YES;
				BUNDLE_LOADER = "$(TEST_HOST)";
				CODE_SIGN_STYLE = Automatic;
				DEVELOPMENT_TEAM = W8A2NAHJ95;
				INFOPLIST_FILE = flixsterTests/Info.plist;
				LD_RUNPATH_SEARCH_PATHS = "$(inherited) @executable_path/Frameworks @loader_path/Frameworks";
				PRODUCT_BUNDLE_IDENTIFIER = edu.csumb.flixsterTests;
				PRODUCT_NAME = "$(TARGET_NAME)";
				SWIFT_VERSION = 4.0;
				TARGETED_DEVICE_FAMILY = "1,2";
				TEST_HOST = "$(BUILT_PRODUCTS_DIR)/flixster.app/flixster";
			};
			name = Debug;
		};
		B5EB9B7A220B5D36009B2BA4 /* Release */ = {
			isa = XCBuildConfiguration;
			baseConfigurationReference = 78F5343C5B15F2C675ED6DBB /* Pods-flixsterTests.release.xcconfig */;
			buildSettings = {
				ALWAYS_EMBED_SWIFT_STANDARD_LIBRARIES = YES;
				BUNDLE_LOADER = "$(TEST_HOST)";
				CODE_SIGN_STYLE = Automatic;
				DEVELOPMENT_TEAM = W8A2NAHJ95;
				INFOPLIST_FILE = flixsterTests/Info.plist;
				LD_RUNPATH_SEARCH_PATHS = "$(inherited) @executable_path/Frameworks @loader_path/Frameworks";
				PRODUCT_BUNDLE_IDENTIFIER = edu.csumb.flixsterTests;
				PRODUCT_NAME = "$(TARGET_NAME)";
				SWIFT_VERSION = 4.0;
				TARGETED_DEVICE_FAMILY = "1,2";
				TEST_HOST = "$(BUILT_PRODUCTS_DIR)/flixster.app/flixster";
			};
			name = Release;
		};
		B5EB9B7C220B5D36009B2BA4 /* Debug */ = {
			isa = XCBuildConfiguration;
			baseConfigurationReference = 672BDAB0B806AC4DDBB62DBB /* Pods-flixsterUITests.debug.xcconfig */;
			buildSettings = {
				ALWAYS_EMBED_SWIFT_STANDARD_LIBRARIES = YES;
				CODE_SIGN_STYLE = Automatic;
				DEVELOPMENT_TEAM = W8A2NAHJ95;
				INFOPLIST_FILE = flixsterUITests/Info.plist;
				LD_RUNPATH_SEARCH_PATHS = "$(inherited) @executable_path/Frameworks @loader_path/Frameworks";
				PRODUCT_BUNDLE_IDENTIFIER = edu.csumb.flixsterUITests;
				PRODUCT_NAME = "$(TARGET_NAME)";
				SWIFT_VERSION = 4.0;
				TARGETED_DEVICE_FAMILY = "1,2";
				TEST_TARGET_NAME = flixster;
			};
			name = Debug;
		};
		B5EB9B7D220B5D36009B2BA4 /* Release */ = {
			isa = XCBuildConfiguration;
			baseConfigurationReference = 1D1C5A3A70F1F4094FA81F53 /* Pods-flixsterUITests.release.xcconfig */;
			buildSettings = {
				ALWAYS_EMBED_SWIFT_STANDARD_LIBRARIES = YES;
				CODE_SIGN_STYLE = Automatic;
				DEVELOPMENT_TEAM = W8A2NAHJ95;
				INFOPLIST_FILE = flixsterUITests/Info.plist;
				LD_RUNPATH_SEARCH_PATHS = "$(inherited) @executable_path/Frameworks @loader_path/Frameworks";
				PRODUCT_BUNDLE_IDENTIFIER = edu.csumb.flixsterUITests;
				PRODUCT_NAME = "$(TARGET_NAME)";
				SWIFT_VERSION = 4.0;
				TARGETED_DEVICE_FAMILY = "1,2";
				TEST_TARGET_NAME = flixster;
			};
			name = Release;
		};
/* End XCBuildConfiguration section */

/* Begin XCConfigurationList section */
		B5EB9B48220B5D35009B2BA4 /* Build configuration list for PBXProject "flixster" */ = {
			isa = XCConfigurationList;
			buildConfigurations = (
				B5EB9B73220B5D36009B2BA4 /* Debug */,
				B5EB9B74220B5D36009B2BA4 /* Release */,
			);
			defaultConfigurationIsVisible = 0;
			defaultConfigurationName = Release;
		};
		B5EB9B75220B5D36009B2BA4 /* Build configuration list for PBXNativeTarget "flixster" */ = {
			isa = XCConfigurationList;
			buildConfigurations = (
				B5EB9B76220B5D36009B2BA4 /* Debug */,
				B5EB9B77220B5D36009B2BA4 /* Release */,
			);
			defaultConfigurationIsVisible = 0;
			defaultConfigurationName = Release;
		};
		B5EB9B78220B5D36009B2BA4 /* Build configuration list for PBXNativeTarget "flixsterTests" */ = {
			isa = XCConfigurationList;
			buildConfigurations = (
				B5EB9B79220B5D36009B2BA4 /* Debug */,
				B5EB9B7A220B5D36009B2BA4 /* Release */,
			);
			defaultConfigurationIsVisible = 0;
			defaultConfigurationName = Release;
		};
		B5EB9B7B220B5D36009B2BA4 /* Build configuration list for PBXNativeTarget "flixsterUITests" */ = {
			isa = XCConfigurationList;
			buildConfigurations = (
				B5EB9B7C220B5D36009B2BA4 /* Debug */,
				B5EB9B7D220B5D36009B2BA4 /* Release */,
			);
			defaultConfigurationIsVisible = 0;
			defaultConfigurationName = Release;
		};
/* End XCConfigurationList section */
	};
	rootObject = B5EB9B45220B5D35009B2BA4 /* Project object */;
}
